
Microsoft Visual Studio Solution File, Format Version 12.00
# Visual Studio Version 17
VisualStudioVersion = 17.13.35919.96 d17.13
MinimumVisualStudioVersion = 10.0.40219.1
Project("{FAE04EC0-301F-11D3-BF4B-00C04F79EFBC}") = "Activity1", "Activity1.csproj", "{8F1FA1A3-E055-4DF6-B2A6-F3A0CC518FBC}"
EndProject
Global
	GlobalSection(SolutionConfigurationPlatforms) = preSolution
		Debug|Any CPU = Debug|Any CPU
		Release|Any CPU = Release|Any CPU
	EndGlobalSection
	GlobalSection(ProjectConfigurationPlatforms) = postSolution
		{8F1FA1A3-E055-4DF6-B2A6-F3A0CC518FBC}.Debug|Any CPU.ActiveCfg = Debug|Any CPU
		{8F1FA1A3-E055-4DF6-B2A6-F3A0CC518FBC}.Debug|Any CPU.Build.0 = Debug|Any CPU
		{8F1FA1A3-E055-4DF6-B2A6-F3A0CC518FBC}.Release|Any CPU.ActiveCfg = Release|Any CPU
		{8F1FA1A3-E055-4DF6-B2A6-F3A0CC518FBC}.Release|Any CPU.Build.0 = Release|Any CPU
	EndGlobalSection
	GlobalSection(SolutionProperties) = preSolution
		HideSolutionNode = FALSE
	EndGlobalSection
	GlobalSection(ExtensibilityGlobals) = postSolution
		SolutionGuid = {009799F9-5A92-4DFF-81A9-440BA5DF2CCB}
	EndGlobalSection
EndGlobal
